{
  "name": "cloudapi",
  "version": "7.0.0",
  "dependencies": {
    "async": {
      "version": "0.1.22"
    },
    "bunyan": {
      "version": "0.8.0"
    },
    "dtrace-provider": {
      "version": "0.0.7"
    },
    "filed": {
      "version": "0.0.6"
    },
    "http-signature": {
      "version": "0.9.9",
      "dependencies": {
        "asn1": {
          "version": "0.1.11"
        },
        "ctype": {
          "version": "0.5.0"
        }
      }
    },
    "mime": {
      "version": "1.2.5"
    },
    "node-uuid": {
      "version": "1.3.3"
    },
    "nopt": {
      "version": "1.0.10",
      "dependencies": {
        "abbrev": {
          "version": "1.0.3"
        }
      }
    },
    "restify": {
      "version": "1.4.3",
      "dependencies": {
        "byline": {
          "version": "2.0.2"
        },
        "formidable": {
          "version": "1.0.11"
        },
        "dtrace-provider": {
          "version": "0.0.6"
        },
        "lru-cache": {
          "version": "1.1.0"
        },
        "qs": {
          "version": "0.5.0"
        },
        "retry": {
          "version": "0.6.0"
        },
        "semver": {
          "version": "1.0.14"
        }
      }
    },
    "semver": {
      "version": "1.0.13"
    },
    "sdc-clients": {
      "version": "8.0.0",
      "from": "git+ssh://git@git.joyent.com:node-sdc-clients.git#3617ec98a0d75f8468fb1176779ba7637aaa7912",
      "dependencies": {
        "ldapjs": {
          "version": "0.5.3",
          "dependencies": {
            "asn1": {
              "version": "0.1.11"
            },
            "assert-plus": {
              "version": "0.1.0"
            },
            "buffertools": {
              "version": "1.1.0"
            },
            "bunyan": {
              "version": "0.10.0"
            },
            "dtrace-provider": {
              "version": "0.0.9"
            },
            "pooling": {
              "version": "0.2.1",
              "dependencies": {
                "bunyan": {
                  "version": "0.7.0"
                },
                "vasync": {
                  "version": "1.1.1",
                  "dependencies": {
                    "verror": {
                      "version": "1.1.0",
                      "dependencies": {
                        "extsprintf": {
                          "version": "1.0.0"
                        }
                      }
                    }
                  }
                }
              }
            }
          }
        },
        "lru-cache": {
          "version": "1.1.0"
        },
        "clone": {
          "version": "0.1.0"
        },
        "nodeunit": {
          "version": "0.7.4",
          "dependencies": {
            "tap": {
              "version": "0.2.5",
              "dependencies": {
                "inherits": {
                  "version": "1.0.0"
                },
                "yamlish": {
                  "version": "0.0.5"
                },
                "slide": {
                  "version": "1.1.3"
                },
                "runforcover": {
                  "version": "0.0.2",
                  "dependencies": {
                    "bunker": {
                      "version": "0.1.2",
                      "dependencies": {
                        "burrito": {
                          "version": "0.2.12",
                          "dependencies": {
                            "traverse": {
                              "version": "0.5.2"
                            },
                            "uglify-js": {
                              "version": "1.1.1"
                            }
                          }
                        }
                      }
                    }
                  }
                },
                "mkdirp": {
                  "version": "0.3.3"
                },
                "difflet": {
                  "version": "0.2.1",
                  "dependencies": {
                    "traverse": {
                      "version": "0.6.3"
                    },
                    "charm": {
                      "version": "0.0.8"
                    }
                  }
                },
                "deep-equal": {
                  "version": "0.0.0"
                },
                "buffer-equal": {
                  "version": "0.0.0"
                }
              }
            }
          }
        }
      }
    },
    "tap": {
      "version": "0.2.4",
      "dependencies": {
        "inherits": {
          "version": "1.0.0"
        },
        "yamlish": {
          "version": "0.0.4"
        },
        "slide": {
          "version": "1.1.3"
        },
        "runforcover": {
          "version": "0.0.2",
          "dependencies": {
            "bunker": {
              "version": "0.1.2",
              "dependencies": {
                "burrito": {
                  "version": "0.2.12",
                  "dependencies": {
                    "traverse": {
                      "version": "0.5.2"
                    },
                    "uglify-js": {
                      "version": "1.1.1"
                    }
                  }
                }
              }
            }
          }
        },
        "mkdirp": {
          "version": "0.3.3"
        },
        "difflet": {
          "version": "0.2.1",
          "dependencies": {
            "traverse": {
              "version": "0.6.3"
            },
            "charm": {
              "version": "0.0.8"
            }
          }
        },
        "deep-equal": {
          "version": "0.0.0"
        }
      }
    }
  }
}
