{
  "name": "cloudapi",
  "version": "7.0.0",
  "dependencies": {
    "async": {
      "version": "0.1.18"
    },
    "bunyan": {
      "version": "0.6.8"
    },
    "dtrace-provider": {
      "version": "0.0.7"
    },
    "filed": {
      "version": "0.0.6"
    },
    "http-signature": {
      "version": "0.9.9",
      "dependencies": {
        "asn1": {
          "version": "0.1.11"
        },
        "ctype": {
          "version": "0.5.0"
        }
      }
    },
    "mime": {
      "version": "1.2.5"
    },
    "node-uuid": {
      "version": "1.3.3"
    },
    "nopt": {
      "version": "1.0.10",
      "dependencies": {
        "abbrev": {
          "version": "1.0.3"
        }
      }
    },
    "restify": {
      "version": "1.4.1",
      "dependencies": {
        "byline": {
          "version": "2.0.2"
        },
        "formidable": {
          "version": "1.0.9"
        },
        "dtrace-provider": {
          "version": "0.0.6"
        },
        "lru-cache": {
          "version": "1.0.5"
        },
        "qs": {
          "version": "0.4.2"
        },
        "retry": {
          "version": "0.6.0"
        },
        "semver": {
          "version": "1.0.13"
        }
      }
    },
    "sdc-clients": {
      "version": "7.0.3",
      "from": "git+ssh://git@git.joyent.com:node-sdc-clients.git#8c2826ccb725ffd5aabeb2758acefff7a923f053",
      "dependencies": {
        "ldapjs": {
          "version": "0.5.0",
          "from": "git://github.com/mcavage/node-ldapjs.git#e378ae84748af3d46645440c23ed746da4165482",
          "dependencies": {
            "asn1": {
              "version": "0.1.11"
            },
            "buffertools": {
              "version": "1.0.9"
            },
            "pooling": {
              "version": "0.1.0"
            }
          }
        },
        "lru-cache": {
          "version": "1.1.0"
        },
        "sprintf": {
          "version": "0.1.1"
        },
        "whiskey": {
          "version": "0.6.6",
          "dependencies": {
            "magic-templates": {
              "version": "0.1.1"
            },
            "rimraf": {
              "version": "1.0.1"
            },
            "terminal": {
              "version": "0.1.3"
            },
            "gex": {
              "version": "0.0.1",
              "dependencies": {
                "underscore": {
                  "version": "1.3.3"
                }
              }
            },
            "simplesets": {
              "version": "1.1.6"
            },
            "logmagic": {
              "version": "0.1.4"
            }
          }
        }
      }
    },
    "tap": {
      "version": "0.2.4",
      "dependencies": {
        "inherits": {
          "version": "1.0.0"
        },
        "yamlish": {
          "version": "0.0.4"
        },
        "slide": {
          "version": "1.1.3"
        },
        "runforcover": {
          "version": "0.0.2",
          "dependencies": {
            "bunker": {
              "version": "0.1.1",
              "dependencies": {
                "burrito": {
                  "version": "0.2.11",
                  "dependencies": {
                    "traverse": {
                      "version": "0.5.2"
                    },
                    "uglify-js": {
                      "version": "1.0.7"
                    }
                  }
                }
              }
            }
          }
        },
        "mkdirp": {
          "version": "0.3.1"
        },
        "difflet": {
          "version": "0.2.1",
          "dependencies": {
            "traverse": {
              "version": "0.6.1"
            },
            "charm": {
              "version": "0.0.6"
            }
          }
        },
        "deep-equal": {
          "version": "0.0.0"
        }
      }
    }
  }
}
